
Microsoft Visual Studio Solution File, Format Version 12.00
# Visual Studio 15
VisualStudioVersion = 15.0.26124.0
MinimumVisualStudioVersion = 15.0.26124.0
Project("{9A19103F-16F7-4668-BE54-9A1E7A4F7556}") = "BlockModelGenerator", "BlockModelGenerator\BlockModelGenerator.csproj", "{46F9E862-20B7-4918-93D6-B637EFC414D5}"
EndProject
Project("{9A19103F-16F7-4668-BE54-9A1E7A4F7556}") = "xTests", "xTests\xTests.csproj", "{CBE014C4-877F-4893-A9E6-1F2FD9F9D97C}"
EndProject
Project("{2150E333-8FDC-42A3-9474-1A3956D46DE8}") = "Solution Items", "Solution Items", "{68348C72-566D-4184-B487-442FC7408134}"
	ProjectSection(SolutionItems) = preProject
		.gitignore = .gitignore
		README.md = README.md
	EndProjectSection
EndProject
Project("{9A19103F-16F7-4668-BE54-9A1E7A4F7556}") = "VoxelModelConverter", "VoxelModelConverter\VoxelModelConverter.csproj", "{E86CF94C-86B6-45F2-A537-24688A4FD1B4}"
EndProject
Global
	GlobalSection(SolutionConfigurationPlatforms) = preSolution
		Debug|Any CPU = Debug|Any CPU
		Debug|x64 = Debug|x64
		Debug|x86 = Debug|x86
		Release|Any CPU = Release|Any CPU
		Release|x64 = Release|x64
		Release|x86 = Release|x86
	EndGlobalSection
	GlobalSection(ProjectConfigurationPlatforms) = postSolution
		{46F9E862-20B7-4918-93D6-B637EFC414D5}.Debug|Any CPU.ActiveCfg = Debug|Any CPU
		{46F9E862-20B7-4918-93D6-B637EFC414D5}.Debug|Any CPU.Build.0 = Debug|Any CPU
		{46F9E862-20B7-4918-93D6-B637EFC414D5}.Debug|x64.ActiveCfg = Debug|Any CPU
		{46F9E862-20B7-4918-93D6-B637EFC414D5}.Debug|x64.Build.0 = Debug|Any CPU
		{46F9E862-20B7-4918-93D6-B637EFC414D5}.Debug|x86.ActiveCfg = Debug|Any CPU
		{46F9E862-20B7-4918-93D6-B637EFC414D5}.Debug|x86.Build.0 = Debug|Any CPU
		{46F9E862-20B7-4918-93D6-B637EFC414D5}.Release|Any CPU.ActiveCfg = Release|Any CPU
		{46F9E862-20B7-4918-93D6-B637EFC414D5}.Release|Any CPU.Build.0 = Release|Any CPU
		{46F9E862-20B7-4918-93D6-B637EFC414D5}.Release|x64.ActiveCfg = Release|Any CPU
		{46F9E862-20B7-4918-93D6-B637EFC414D5}.Release|x64.Build.0 = Release|Any CPU
		{46F9E862-20B7-4918-93D6-B637EFC414D5}.Release|x86.ActiveCfg = Release|Any CPU
		{46F9E862-20B7-4918-93D6-B637EFC414D5}.Release|x86.Build.0 = Release|Any CPU
		{CBE014C4-877F-4893-A9E6-1F2FD9F9D97C}.Debug|Any CPU.ActiveCfg = Debug|Any CPU
		{CBE014C4-877F-4893-A9E6-1F2FD9F9D97C}.Debug|Any CPU.Build.0 = Debug|Any CPU
		{CBE014C4-877F-4893-A9E6-1F2FD9F9D97C}.Debug|x64.ActiveCfg = Debug|Any CPU
		{CBE014C4-877F-4893-A9E6-1F2FD9F9D97C}.Debug|x64.Build.0 = Debug|Any CPU
		{CBE014C4-877F-4893-A9E6-1F2FD9F9D97C}.Debug|x86.ActiveCfg = Debug|Any CPU
		{CBE014C4-877F-4893-A9E6-1F2FD9F9D97C}.Debug|x86.Build.0 = Debug|Any CPU
		{CBE014C4-877F-4893-A9E6-1F2FD9F9D97C}.Release|Any CPU.ActiveCfg = Release|Any CPU
		{CBE014C4-877F-4893-A9E6-1F2FD9F9D97C}.Release|Any CPU.Build.0 = Release|Any CPU
		{CBE014C4-877F-4893-A9E6-1F2FD9F9D97C}.Release|x64.ActiveCfg = Release|Any CPU
		{CBE014C4-877F-4893-A9E6-1F2FD9F9D97C}.Release|x64.Build.0 = Release|Any CPU
		{CBE014C4-877F-4893-A9E6-1F2FD9F9D97C}.Release|x86.ActiveCfg = Release|Any CPU
		{CBE014C4-877F-4893-A9E6-1F2FD9F9D97C}.Release|x86.Build.0 = Release|Any CPU
		{E86CF94C-86B6-45F2-A537-24688A4FD1B4}.Debug|Any CPU.ActiveCfg = Debug|Any CPU
		{E86CF94C-86B6-45F2-A537-24688A4FD1B4}.Debug|Any CPU.Build.0 = Debug|Any CPU
		{E86CF94C-86B6-45F2-A537-24688A4FD1B4}.Debug|x64.ActiveCfg = Debug|Any CPU
		{E86CF94C-86B6-45F2-A537-24688A4FD1B4}.Debug|x64.Build.0 = Debug|Any CPU
		{E86CF94C-86B6-45F2-A537-24688A4FD1B4}.Debug|x86.ActiveCfg = Debug|Any CPU
		{E86CF94C-86B6-45F2-A537-24688A4FD1B4}.Debug|x86.Build.0 = Debug|Any CPU
		{E86CF94C-86B6-45F2-A537-24688A4FD1B4}.Release|Any CPU.ActiveCfg = Release|Any CPU
		{E86CF94C-86B6-45F2-A537-24688A4FD1B4}.Release|Any CPU.Build.0 = Release|Any CPU
		{E86CF94C-86B6-45F2-A537-24688A4FD1B4}.Release|x64.ActiveCfg = Release|Any CPU
		{E86CF94C-86B6-45F2-A537-24688A4FD1B4}.Release|x64.Build.0 = Release|Any CPU
		{E86CF94C-86B6-45F2-A537-24688A4FD1B4}.Release|x86.ActiveCfg = Release|Any CPU
		{E86CF94C-86B6-45F2-A537-24688A4FD1B4}.Release|x86.Build.0 = Release|Any CPU
	EndGlobalSection
	GlobalSection(SolutionProperties) = preSolution
		HideSolutionNode = FALSE
	EndGlobalSection
	GlobalSection(ExtensibilityGlobals) = postSolution
		SolutionGuid = {E5CF524C-58BA-4AFF-AC70-92063E4745C6}
	EndGlobalSection
EndGlobal
